
Microsoft Visual Studio Solution File, Format Version 12.00
# Visual Studio 2013
VisualStudioVersion = 12.0.31101.0
MinimumVisualStudioVersion = 10.0.40219.1
Project("{FAE04EC0-301F-11D3-BF4B-00C04F79EFBC}") = "xunit.assert.Net40", "xunit.assert.net40\xunit.assert.Net40.csproj", "{976C6008-E103-4014-906F-659AE0A42B3F}"
EndProject
Project("{FAE04EC0-301F-11D3-BF4B-00C04F79EFBC}") = "xunit.assert.Net45", "xunit.assert.net45\xunit.assert.Net45.csproj", "{38BEC7D1-88AF-4BB0-A029-1F453E432A35}"
EndProject
Project("{FAE04EC0-301F-11D3-BF4B-00C04F79EFBC}") = "xunit.core.Net40", "xunit.core.net40\xunit.core.Net40.csproj", "{7503F489-C722-4527-A623-08B3FC5C72CF}"
EndProject
Project("{FAE04EC0-301F-11D3-BF4B-00C04F79EFBC}") = "xunit.core.Net45", "xunit.core.net45\xunit.core.Net45.csproj", "{ED2E0F85-68E6-483F-A701-6CA77E2D6422}"
EndProject
Project("{FAE04EC0-301F-11D3-BF4B-00C04F79EFBC}") = "xunit.execution.desktop.Net40", "xunit.execution.desktop.net40\xunit.execution.desktop.Net40.csproj", "{66643CF0-8D60-41E9-837A-29695949BE86}"
	ProjectSection(ProjectDependencies) = postProject
		{7503F489-C722-4527-A623-08B3FC5C72CF} = {7503F489-C722-4527-A623-08B3FC5C72CF}
	EndProjectSection
EndProject
Project("{FAE04EC0-301F-11D3-BF4B-00C04F79EFBC}") = "xunit.execution.desktop.Net45", "xunit.execution.desktop.net45\xunit.execution.desktop.Net45.csproj", "{552D043C-9701-44AC-82A5-51F46544AF22}"
	ProjectSection(ProjectDependencies) = postProject
		{ED2E0F85-68E6-483F-A701-6CA77E2D6422} = {ED2E0F85-68E6-483F-A701-6CA77E2D6422}
	EndProjectSection
EndProject
Project("{2150E333-8FDC-42A3-9474-1A3956D46DE8}") = "net40", "net40", "{7C02B8D5-B2A1-4ABA-A9F4-D1ABFCD132D1}"
EndProject
Project("{2150E333-8FDC-42A3-9474-1A3956D46DE8}") = "net45", "net45", "{72F7E132-D23A-4C58-B863-B85298F39525}"
EndProject
Project("{2150E333-8FDC-42A3-9474-1A3956D46DE8}") = "net40.samples", "net40.samples", "{8DED58C7-DD26-4DF8-AE0F-914D4B8E46D0}"
EndProject
Project("{2150E333-8FDC-42A3-9474-1A3956D46DE8}") = "net45.samples", "net45.samples", "{53689635-C0C3-42BF-8668-CBF77C0F6857}"
EndProject
Project("{FAE04EC0-301F-11D3-BF4B-00C04F79EFBC}") = "AssertExamples.Net40", "Sample\AssertExamples.Net40\AssertExamples.Net40.csproj", "{0435F191-D593-4DF3-8CED-A5721F0BB30D}"
	ProjectSection(ProjectDependencies) = postProject
		{976C6008-E103-4014-906F-659AE0A42B3F} = {976C6008-E103-4014-906F-659AE0A42B3F}
		{7503F489-C722-4527-A623-08B3FC5C72CF} = {7503F489-C722-4527-A623-08B3FC5C72CF}
		{66643CF0-8D60-41E9-837A-29695949BE86} = {66643CF0-8D60-41E9-837A-29695949BE86}
	EndProjectSection
EndProject
Project("{FAE04EC0-301F-11D3-BF4B-00C04F79EFBC}") = "AssertExamples.Net45", "Sample\AssertExamples.Net45\AssertExamples.Net45.csproj", "{4D72D66E-B137-4443-9B58-CCCBA4B28CC1}"
	ProjectSection(ProjectDependencies) = postProject
		{552D043C-9701-44AC-82A5-51F46544AF22} = {552D043C-9701-44AC-82A5-51F46544AF22}
		{ED2E0F85-68E6-483F-A701-6CA77E2D6422} = {ED2E0F85-68E6-483F-A701-6CA77E2D6422}
		{38BEC7D1-88AF-4BB0-A029-1F453E432A35} = {38BEC7D1-88AF-4BB0-A029-1F453E432A35}
	EndProjectSection
EndProject
Project("{FAE04EC0-301F-11D3-BF4B-00C04F79EFBC}") = "AssertExtensions.Net40", "Sample\AssertExtensions.Net40\AssertExtensions.Net40.csproj", "{532166A3-1043-4167-9E7C-2A02AE2BB2C0}"
	ProjectSection(ProjectDependencies) = postProject
		{976C6008-E103-4014-906F-659AE0A42B3F} = {976C6008-E103-4014-906F-659AE0A42B3F}
		{7503F489-C722-4527-A623-08B3FC5C72CF} = {7503F489-C722-4527-A623-08B3FC5C72CF}
		{66643CF0-8D60-41E9-837A-29695949BE86} = {66643CF0-8D60-41E9-837A-29695949BE86}
	EndProjectSection
EndProject
Project("{FAE04EC0-301F-11D3-BF4B-00C04F79EFBC}") = "AssertExtensions.Net45", "Sample\AssertExtensions.Net45\AssertExtensions.Net45.csproj", "{6EA9BD3F-4F12-4DA6-9CDC-14A39D36A61A}"
	ProjectSection(ProjectDependencies) = postProject
		{552D043C-9701-44AC-82A5-51F46544AF22} = {552D043C-9701-44AC-82A5-51F46544AF22}
		{ED2E0F85-68E6-483F-A701-6CA77E2D6422} = {ED2E0F85-68E6-483F-A701-6CA77E2D6422}
		{38BEC7D1-88AF-4BB0-A029-1F453E432A35} = {38BEC7D1-88AF-4BB0-A029-1F453E432A35}
	EndProjectSection
EndProject
Project("{FAE04EC0-301F-11D3-BF4B-00C04F79EFBC}") = "AssumeIdentity.Net40", "Sample\AssumeIdentity.Net40\AssumeIdentity.Net40.csproj", "{0EC0B748-428D-4B1C-9790-CFBDD346ECE8}"
	ProjectSection(ProjectDependencies) = postProject
		{66643CF0-8D60-41E9-837A-29695949BE86} = {66643CF0-8D60-41E9-837A-29695949BE86}
	EndProjectSection
EndProject
Project("{FAE04EC0-301F-11D3-BF4B-00C04F79EFBC}") = "AssumeIdentity.Net45", "Sample\AssumeIdentity.Net45\AssumeIdentity.Net45.csproj", "{5FC1D89A-22F8-4AE5-B1A0-7A2F37DAFC0A}"
	ProjectSection(ProjectDependencies) = postProject
		{552D043C-9701-44AC-82A5-51F46544AF22} = {552D043C-9701-44AC-82A5-51F46544AF22}
	EndProjectSection
EndProject
Project("{FAE04EC0-301F-11D3-BF4B-00C04F79EFBC}") = "Stack.Net40", "Sample\Stack.Net40\Stack.Net40.csproj", "{E435A244-244A-45C3-B190-A05128219E4A}"
	ProjectSection(ProjectDependencies) = postProject
		{66643CF0-8D60-41E9-837A-29695949BE86} = {66643CF0-8D60-41E9-837A-29695949BE86}
	EndProjectSection
EndProject
Project("{FAE04EC0-301F-11D3-BF4B-00C04F79EFBC}") = "Stack.Net45", "Sample\Stack.Net45\Stack.Net45.csproj", "{88E78312-B71D-4C5E-B01A-533E7B9A9B61}"
	ProjectSection(ProjectDependencies) = postProject
		{552D043C-9701-44AC-82A5-51F46544AF22} = {552D043C-9701-44AC-82A5-51F46544AF22}
	EndProjectSection
EndProject
Project("{FAE04EC0-301F-11D3-BF4B-00C04F79EFBC}") = "TestOrderExamples.Net40", "Sample\TestOrderExamples.Net40\TestOrderExamples.Net40.csproj", "{AF83CCA8-3DD0-4E64-991E-B8F0141B9322}"
	ProjectSection(ProjectDependencies) = postProject
		{66643CF0-8D60-41E9-837A-29695949BE86} = {66643CF0-8D60-41E9-837A-29695949BE86}
	EndProjectSection
EndProject
Project("{FAE04EC0-301F-11D3-BF4B-00C04F79EFBC}") = "TestOrderExamples.Net45", "Sample\TestOrderExamples.Net45\TestOrderExamples.Net45.csproj", "{306FF91B-9E06-4A93-B35E-BA7FFE35C2B8}"
	ProjectSection(ProjectDependencies) = postProject
		{552D043C-9701-44AC-82A5-51F46544AF22} = {552D043C-9701-44AC-82A5-51F46544AF22}
	EndProjectSection
EndProject
Project("{FAE04EC0-301F-11D3-BF4B-00C04F79EFBC}") = "TestOutputExample.Net40", "Sample\TestOutputExample.Net40\TestOutputExample.Net40.csproj", "{57D342C0-2984-4303-B4F1-A055A5C029B9}"
	ProjectSection(ProjectDependencies) = postProject
		{66643CF0-8D60-41E9-837A-29695949BE86} = {66643CF0-8D60-41E9-837A-29695949BE86}
	EndProjectSection
EndProject
Project("{FAE04EC0-301F-11D3-BF4B-00C04F79EFBC}") = "TestOutputExample.Net45", "Sample\TestOutputExample.Net45\TestOutputExample.Net45.csproj", "{EADCA628-0D4A-4781-9610-DB7BDD4939BB}"
	ProjectSection(ProjectDependencies) = postProject
		{552D043C-9701-44AC-82A5-51F46544AF22} = {552D043C-9701-44AC-82A5-51F46544AF22}
	EndProjectSection
EndProject
Project("{FAE04EC0-301F-11D3-BF4B-00C04F79EFBC}") = "TraitExtensibility.Net40", "Sample\TraitExtensibility.Net40\TraitExtensibility.Net40.csproj", "{EF2D8F8C-2855-4D6D-A3FF-62FF6C9BE855}"
	ProjectSection(ProjectDependencies) = postProject
		{66643CF0-8D60-41E9-837A-29695949BE86} = {66643CF0-8D60-41E9-837A-29695949BE86}
	EndProjectSection
EndProject
Project("{FAE04EC0-301F-11D3-BF4B-00C04F79EFBC}") = "TraitExtensibility.Net45", "Sample\TraitExtensibility.Net45\TraitExtensibility.Net45.csproj", "{497F15A1-AF91-432A-B75E-A8E78EECDB6F}"
	ProjectSection(ProjectDependencies) = postProject
		{552D043C-9701-44AC-82A5-51F46544AF22} = {552D043C-9701-44AC-82A5-51F46544AF22}
	EndProjectSection
EndProject
Project("{FAE04EC0-301F-11D3-BF4B-00C04F79EFBC}") = "UseCulture.Net40", "Sample\UseCulture.Net40\UseCulture.Net40.csproj", "{BB3439D2-FD99-49CE-BFEB-15E599B1784B}"
	ProjectSection(ProjectDependencies) = postProject
		{66643CF0-8D60-41E9-837A-29695949BE86} = {66643CF0-8D60-41E9-837A-29695949BE86}
	EndProjectSection
EndProject
Project("{FAE04EC0-301F-11D3-BF4B-00C04F79EFBC}") = "UseCulture.Net45", "Sample\UseCulture.Net45\UseCulture.Net45.csproj", "{DB720AB1-7711-46BF-AF3C-A4F267B53649}"
	ProjectSection(ProjectDependencies) = postProject
		{552D043C-9701-44AC-82A5-51F46544AF22} = {552D043C-9701-44AC-82A5-51F46544AF22}
	EndProjectSection
EndProject
Project("{FAE04EC0-301F-11D3-BF4B-00C04F79EFBC}") = "STAExamples.Net40", "Sample\STAExamples.Net40\STAExamples.Net40.csproj", "{F0634DD7-C36B-4CF7-8D50-F8CE969720C3}"
EndProject
Project("{FAE04EC0-301F-11D3-BF4B-00C04F79EFBC}") = "STAExamples.Net45", "Sample\STAExamples.Net45\STAExamples.Net45.csproj", "{5E91B29A-4B3F-4D7A-917E-FD3D9131CBD9}"
EndProject
Project("{FAE04EC0-301F-11D3-BF4B-00C04F79EFBC}") = "xunit.extensions.Net45", "xunit.extensions.net45\xunit.extensions.Net45.csproj", "{8F194DB4-F548-4950-A844-04A9D9085446}"
EndProject
Project("{FAE04EC0-301F-11D3-BF4B-00C04F79EFBC}") = "xunit.extensions.Net40", "xunit.extensions.net40\xunit.extensions.Net40.csproj", "{35B872FA-0F9A-4CF2-A639-80246F76DF04}"
EndProject
Global
	GlobalSection(SolutionConfigurationPlatforms) = preSolution
		Debug|Any CPU = Debug|Any CPU
		Release|Any CPU = Release|Any CPU
	EndGlobalSection
	GlobalSection(ProjectConfigurationPlatforms) = postSolution
		{976C6008-E103-4014-906F-659AE0A42B3F}.Debug|Any CPU.ActiveCfg = Debug|Any CPU
		{976C6008-E103-4014-906F-659AE0A42B3F}.Debug|Any CPU.Build.0 = Debug|Any CPU
		{976C6008-E103-4014-906F-659AE0A42B3F}.Release|Any CPU.ActiveCfg = Release|Any CPU
		{976C6008-E103-4014-906F-659AE0A42B3F}.Release|Any CPU.Build.0 = Release|Any CPU
		{38BEC7D1-88AF-4BB0-A029-1F453E432A35}.Debug|Any CPU.ActiveCfg = Debug|Any CPU
		{38BEC7D1-88AF-4BB0-A029-1F453E432A35}.Debug|Any CPU.Build.0 = Debug|Any CPU
		{38BEC7D1-88AF-4BB0-A029-1F453E432A35}.Release|Any CPU.ActiveCfg = Release|Any CPU
		{38BEC7D1-88AF-4BB0-A029-1F453E432A35}.Release|Any CPU.Build.0 = Release|Any CPU
		{7503F489-C722-4527-A623-08B3FC5C72CF}.Debug|Any CPU.ActiveCfg = Debug|Any CPU
		{7503F489-C722-4527-A623-08B3FC5C72CF}.Debug|Any CPU.Build.0 = Debug|Any CPU
		{7503F489-C722-4527-A623-08B3FC5C72CF}.Release|Any CPU.ActiveCfg = Release|Any CPU
		{7503F489-C722-4527-A623-08B3FC5C72CF}.Release|Any CPU.Build.0 = Release|Any CPU
		{ED2E0F85-68E6-483F-A701-6CA77E2D6422}.Debug|Any CPU.ActiveCfg = Debug|Any CPU
		{ED2E0F85-68E6-483F-A701-6CA77E2D6422}.Debug|Any CPU.Build.0 = Debug|Any CPU
		{ED2E0F85-68E6-483F-A701-6CA77E2D6422}.Release|Any CPU.ActiveCfg = Release|Any CPU
		{ED2E0F85-68E6-483F-A701-6CA77E2D6422}.Release|Any CPU.Build.0 = Release|Any CPU
		{66643CF0-8D60-41E9-837A-29695949BE86}.Debug|Any CPU.ActiveCfg = Debug|Any CPU
		{66643CF0-8D60-41E9-837A-29695949BE86}.Debug|Any CPU.Build.0 = Debug|Any CPU
		{66643CF0-8D60-41E9-837A-29695949BE86}.Release|Any CPU.ActiveCfg = Release|Any CPU
		{66643CF0-8D60-41E9-837A-29695949BE86}.Release|Any CPU.Build.0 = Release|Any CPU
		{552D043C-9701-44AC-82A5-51F46544AF22}.Debug|Any CPU.ActiveCfg = Debug|Any CPU
		{552D043C-9701-44AC-82A5-51F46544AF22}.Debug|Any CPU.Build.0 = Debug|Any CPU
		{552D043C-9701-44AC-82A5-51F46544AF22}.Release|Any CPU.ActiveCfg = Release|Any CPU
		{552D043C-9701-44AC-82A5-51F46544AF22}.Release|Any CPU.Build.0 = Release|Any CPU
		{0435F191-D593-4DF3-8CED-A5721F0BB30D}.Debug|Any CPU.ActiveCfg = Debug|Any CPU
		{0435F191-D593-4DF3-8CED-A5721F0BB30D}.Debug|Any CPU.Build.0 = Debug|Any CPU
		{0435F191-D593-4DF3-8CED-A5721F0BB30D}.Release|Any CPU.ActiveCfg = Release|Any CPU
		{0435F191-D593-4DF3-8CED-A5721F0BB30D}.Release|Any CPU.Build.0 = Release|Any CPU
		{4D72D66E-B137-4443-9B58-CCCBA4B28CC1}.Debug|Any CPU.ActiveCfg = Debug|Any CPU
		{4D72D66E-B137-4443-9B58-CCCBA4B28CC1}.Debug|Any CPU.Build.0 = Debug|Any CPU
		{4D72D66E-B137-4443-9B58-CCCBA4B28CC1}.Release|Any CPU.ActiveCfg = Release|Any CPU
		{4D72D66E-B137-4443-9B58-CCCBA4B28CC1}.Release|Any CPU.Build.0 = Release|Any CPU
		{532166A3-1043-4167-9E7C-2A02AE2BB2C0}.Debug|Any CPU.ActiveCfg = Debug|Any CPU
		{532166A3-1043-4167-9E7C-2A02AE2BB2C0}.Debug|Any CPU.Build.0 = Debug|Any CPU
		{532166A3-1043-4167-9E7C-2A02AE2BB2C0}.Release|Any CPU.ActiveCfg = Release|Any CPU
		{532166A3-1043-4167-9E7C-2A02AE2BB2C0}.Release|Any CPU.Build.0 = Release|Any CPU
		{6EA9BD3F-4F12-4DA6-9CDC-14A39D36A61A}.Debug|Any CPU.ActiveCfg = Debug|Any CPU
		{6EA9BD3F-4F12-4DA6-9CDC-14A39D36A61A}.Debug|Any CPU.Build.0 = Debug|Any CPU
		{6EA9BD3F-4F12-4DA6-9CDC-14A39D36A61A}.Release|Any CPU.ActiveCfg = Release|Any CPU
		{6EA9BD3F-4F12-4DA6-9CDC-14A39D36A61A}.Release|Any CPU.Build.0 = Release|Any CPU
		{0EC0B748-428D-4B1C-9790-CFBDD346ECE8}.Debug|Any CPU.ActiveCfg = Debug|Any CPU
		{0EC0B748-428D-4B1C-9790-CFBDD346ECE8}.Debug|Any CPU.Build.0 = Debug|Any CPU
		{0EC0B748-428D-4B1C-9790-CFBDD346ECE8}.Release|Any CPU.ActiveCfg = Release|Any CPU
		{0EC0B748-428D-4B1C-9790-CFBDD346ECE8}.Release|Any CPU.Build.0 = Release|Any CPU
		{5FC1D89A-22F8-4AE5-B1A0-7A2F37DAFC0A}.Debug|Any CPU.ActiveCfg = Debug|Any CPU
		{5FC1D89A-22F8-4AE5-B1A0-7A2F37DAFC0A}.Debug|Any CPU.Build.0 = Debug|Any CPU
		{5FC1D89A-22F8-4AE5-B1A0-7A2F37DAFC0A}.Release|Any CPU.ActiveCfg = Release|Any CPU
		{5FC1D89A-22F8-4AE5-B1A0-7A2F37DAFC0A}.Release|Any CPU.Build.0 = Release|Any CPU
		{E435A244-244A-45C3-B190-A05128219E4A}.Debug|Any CPU.ActiveCfg = Debug|Any CPU
		{E435A244-244A-45C3-B190-A05128219E4A}.Debug|Any CPU.Build.0 = Debug|Any CPU
		{E435A244-244A-45C3-B190-A05128219E4A}.Release|Any CPU.ActiveCfg = Release|Any CPU
		{E435A244-244A-45C3-B190-A05128219E4A}.Release|Any CPU.Build.0 = Release|Any CPU
		{88E78312-B71D-4C5E-B01A-533E7B9A9B61}.Debug|Any CPU.ActiveCfg = Debug|Any CPU
		{88E78312-B71D-4C5E-B01A-533E7B9A9B61}.Debug|Any CPU.Build.0 = Debug|Any CPU
		{88E78312-B71D-4C5E-B01A-533E7B9A9B61}.Release|Any CPU.ActiveCfg = Release|Any CPU
		{88E78312-B71D-4C5E-B01A-533E7B9A9B61}.Release|Any CPU.Build.0 = Release|Any CPU
		{AF83CCA8-3DD0-4E64-991E-B8F0141B9322}.Debug|Any CPU.ActiveCfg = Debug|Any CPU
		{AF83CCA8-3DD0-4E64-991E-B8F0141B9322}.Debug|Any CPU.Build.0 = Debug|Any CPU
		{AF83CCA8-3DD0-4E64-991E-B8F0141B9322}.Release|Any CPU.ActiveCfg = Release|Any CPU
		{AF83CCA8-3DD0-4E64-991E-B8F0141B9322}.Release|Any CPU.Build.0 = Release|Any CPU
		{306FF91B-9E06-4A93-B35E-BA7FFE35C2B8}.Debug|Any CPU.ActiveCfg = Debug|Any CPU
		{306FF91B-9E06-4A93-B35E-BA7FFE35C2B8}.Debug|Any CPU.Build.0 = Debug|Any CPU
		{306FF91B-9E06-4A93-B35E-BA7FFE35C2B8}.Release|Any CPU.ActiveCfg = Release|Any CPU
		{306FF91B-9E06-4A93-B35E-BA7FFE35C2B8}.Release|Any CPU.Build.0 = Release|Any CPU
		{57D342C0-2984-4303-B4F1-A055A5C029B9}.Debug|Any CPU.ActiveCfg = Debug|Any CPU
		{57D342C0-2984-4303-B4F1-A055A5C029B9}.Debug|Any CPU.Build.0 = Debug|Any CPU
		{57D342C0-2984-4303-B4F1-A055A5C029B9}.Release|Any CPU.ActiveCfg = Release|Any CPU
		{57D342C0-2984-4303-B4F1-A055A5C029B9}.Release|Any CPU.Build.0 = Release|Any CPU
		{EADCA628-0D4A-4781-9610-DB7BDD4939BB}.Debug|Any CPU.ActiveCfg = Debug|Any CPU
		{EADCA628-0D4A-4781-9610-DB7BDD4939BB}.Debug|Any CPU.Build.0 = Debug|Any CPU
		{EADCA628-0D4A-4781-9610-DB7BDD4939BB}.Release|Any CPU.ActiveCfg = Release|Any CPU
		{EADCA628-0D4A-4781-9610-DB7BDD4939BB}.Release|Any CPU.Build.0 = Release|Any CPU
		{EF2D8F8C-2855-4D6D-A3FF-62FF6C9BE855}.Debug|Any CPU.ActiveCfg = Debug|Any CPU
		{EF2D8F8C-2855-4D6D-A3FF-62FF6C9BE855}.Debug|Any CPU.Build.0 = Debug|Any CPU
		{EF2D8F8C-2855-4D6D-A3FF-62FF6C9BE855}.Release|Any CPU.ActiveCfg = Release|Any CPU
		{EF2D8F8C-2855-4D6D-A3FF-62FF6C9BE855}.Release|Any CPU.Build.0 = Release|Any CPU
		{497F15A1-AF91-432A-B75E-A8E78EECDB6F}.Debug|Any CPU.ActiveCfg = Debug|Any CPU
		{497F15A1-AF91-432A-B75E-A8E78EECDB6F}.Debug|Any CPU.Build.0 = Debug|Any CPU
		{497F15A1-AF91-432A-B75E-A8E78EECDB6F}.Release|Any CPU.ActiveCfg = Release|Any CPU
		{497F15A1-AF91-432A-B75E-A8E78EECDB6F}.Release|Any CPU.Build.0 = Release|Any CPU
		{BB3439D2-FD99-49CE-BFEB-15E599B1784B}.Debug|Any CPU.ActiveCfg = Debug|Any CPU
		{BB3439D2-FD99-49CE-BFEB-15E599B1784B}.Debug|Any CPU.Build.0 = Debug|Any CPU
		{BB3439D2-FD99-49CE-BFEB-15E599B1784B}.Release|Any CPU.ActiveCfg = Release|Any CPU
		{BB3439D2-FD99-49CE-BFEB-15E599B1784B}.Release|Any CPU.Build.0 = Release|Any CPU
		{DB720AB1-7711-46BF-AF3C-A4F267B53649}.Debug|Any CPU.ActiveCfg = Debug|Any CPU
		{DB720AB1-7711-46BF-AF3C-A4F267B53649}.Debug|Any CPU.Build.0 = Debug|Any CPU
		{DB720AB1-7711-46BF-AF3C-A4F267B53649}.Release|Any CPU.ActiveCfg = Release|Any CPU
		{DB720AB1-7711-46BF-AF3C-A4F267B53649}.Release|Any CPU.Build.0 = Release|Any CPU
		{F0634DD7-C36B-4CF7-8D50-F8CE969720C3}.Debug|Any CPU.ActiveCfg = Debug|Any CPU
		{F0634DD7-C36B-4CF7-8D50-F8CE969720C3}.Debug|Any CPU.Build.0 = Debug|Any CPU
		{F0634DD7-C36B-4CF7-8D50-F8CE969720C3}.Release|Any CPU.ActiveCfg = Release|Any CPU
		{F0634DD7-C36B-4CF7-8D50-F8CE969720C3}.Release|Any CPU.Build.0 = Release|Any CPU
		{5E91B29A-4B3F-4D7A-917E-FD3D9131CBD9}.Debug|Any CPU.ActiveCfg = Debug|Any CPU
		{5E91B29A-4B3F-4D7A-917E-FD3D9131CBD9}.Debug|Any CPU.Build.0 = Debug|Any CPU
		{5E91B29A-4B3F-4D7A-917E-FD3D9131CBD9}.Release|Any CPU.ActiveCfg = Release|Any CPU
		{5E91B29A-4B3F-4D7A-917E-FD3D9131CBD9}.Release|Any CPU.Build.0 = Release|Any CPU
		{8F194DB4-F548-4950-A844-04A9D9085446}.Debug|Any CPU.ActiveCfg = Debug|Any CPU
		{8F194DB4-F548-4950-A844-04A9D9085446}.Debug|Any CPU.Build.0 = Debug|Any CPU
		{8F194DB4-F548-4950-A844-04A9D9085446}.Release|Any CPU.ActiveCfg = Release|Any CPU
		{8F194DB4-F548-4950-A844-04A9D9085446}.Release|Any CPU.Build.0 = Release|Any CPU
		{35B872FA-0F9A-4CF2-A639-80246F76DF04}.Debug|Any CPU.ActiveCfg = Debug|Any CPU
		{35B872FA-0F9A-4CF2-A639-80246F76DF04}.Debug|Any CPU.Build.0 = Debug|Any CPU
		{35B872FA-0F9A-4CF2-A639-80246F76DF04}.Release|Any CPU.ActiveCfg = Release|Any CPU
		{35B872FA-0F9A-4CF2-A639-80246F76DF04}.Release|Any CPU.Build.0 = Release|Any CPU
	EndGlobalSection
	GlobalSection(SolutionProperties) = preSolution
		HideSolutionNode = FALSE
	EndGlobalSection
	GlobalSection(NestedProjects) = preSolution
		{976C6008-E103-4014-906F-659AE0A42B3F} = {7C02B8D5-B2A1-4ABA-A9F4-D1ABFCD132D1}
		{38BEC7D1-88AF-4BB0-A029-1F453E432A35} = {72F7E132-D23A-4C58-B863-B85298F39525}
		{7503F489-C722-4527-A623-08B3FC5C72CF} = {7C02B8D5-B2A1-4ABA-A9F4-D1ABFCD132D1}
		{ED2E0F85-68E6-483F-A701-6CA77E2D6422} = {72F7E132-D23A-4C58-B863-B85298F39525}
		{66643CF0-8D60-41E9-837A-29695949BE86} = {7C02B8D5-B2A1-4ABA-A9F4-D1ABFCD132D1}
		{552D043C-9701-44AC-82A5-51F46544AF22} = {72F7E132-D23A-4C58-B863-B85298F39525}
		{0435F191-D593-4DF3-8CED-A5721F0BB30D} = {8DED58C7-DD26-4DF8-AE0F-914D4B8E46D0}
		{4D72D66E-B137-4443-9B58-CCCBA4B28CC1} = {53689635-C0C3-42BF-8668-CBF77C0F6857}
		{532166A3-1043-4167-9E7C-2A02AE2BB2C0} = {8DED58C7-DD26-4DF8-AE0F-914D4B8E46D0}
		{6EA9BD3F-4F12-4DA6-9CDC-14A39D36A61A} = {53689635-C0C3-42BF-8668-CBF77C0F6857}
		{0EC0B748-428D-4B1C-9790-CFBDD346ECE8} = {8DED58C7-DD26-4DF8-AE0F-914D4B8E46D0}
		{5FC1D89A-22F8-4AE5-B1A0-7A2F37DAFC0A} = {53689635-C0C3-42BF-8668-CBF77C0F6857}
		{E435A244-244A-45C3-B190-A05128219E4A} = {8DED58C7-DD26-4DF8-AE0F-914D4B8E46D0}
		{88E78312-B71D-4C5E-B01A-533E7B9A9B61} = {53689635-C0C3-42BF-8668-CBF77C0F6857}
		{AF83CCA8-3DD0-4E64-991E-B8F0141B9322} = {8DED58C7-DD26-4DF8-AE0F-914D4B8E46D0}
		{306FF91B-9E06-4A93-B35E-BA7FFE35C2B8} = {53689635-C0C3-42BF-8668-CBF77C0F6857}
		{57D342C0-2984-4303-B4F1-A055A5C029B9} = {8DED58C7-DD26-4DF8-AE0F-914D4B8E46D0}
		{EADCA628-0D4A-4781-9610-DB7BDD4939BB} = {53689635-C0C3-42BF-8668-CBF77C0F6857}
		{EF2D8F8C-2855-4D6D-A3FF-62FF6C9BE855} = {8DED58C7-DD26-4DF8-AE0F-914D4B8E46D0}
		{497F15A1-AF91-432A-B75E-A8E78EECDB6F} = {53689635-C0C3-42BF-8668-CBF77C0F6857}
		{BB3439D2-FD99-49CE-BFEB-15E599B1784B} = {8DED58C7-DD26-4DF8-AE0F-914D4B8E46D0}
		{DB720AB1-7711-46BF-AF3C-A4F267B53649} = {53689635-C0C3-42BF-8668-CBF77C0F6857}
		{F0634DD7-C36B-4CF7-8D50-F8CE969720C3} = {8DED58C7-DD26-4DF8-AE0F-914D4B8E46D0}
		{5E91B29A-4B3F-4D7A-917E-FD3D9131CBD9} = {53689635-C0C3-42BF-8668-CBF77C0F6857}
		{8F194DB4-F548-4950-A844-04A9D9085446} = {72F7E132-D23A-4C58-B863-B85298F39525}
		{35B872FA-0F9A-4CF2-A639-80246F76DF04} = {7C02B8D5-B2A1-4ABA-A9F4-D1ABFCD132D1}
	EndGlobalSection
EndGlobal
